lockfileVersion: '9.0'

settings:
  autoInstallPeers: true
  excludeLinksFromLockfile: false

importers:

  .:
    devDependencies:
      '@types/node':
        specifier: ^24.0.0
        version: 24.13.2
      prettier:
        specifier: ^3.4.0
        version: 3.9.4
      turbo:
        specifier: ^2.3.0
        version: 2.10.2
      typescript:
        specifier: ^5.7.0
        version: 5.9.3

packages:

  '@turbo/darwin-64@2.10.2':
    resolution: {integrity: sha512-wBM3ObqOWnKUDmg7QfUFDkDHPFUAJmrYlYqmEM8jMPAPA/I6wRJIbWimeQUqhOiQ8xPKhzyWM+xaiUP0wz8FEQ==}
    cpu: [x64]
    os: [darwin]

  '@turbo/darwin-arm64@2.10.2':
    resolution: {integrity: sha512-/Cq0joWnuMjDPfhjbFP4sv+C/7gkQ415zlaO4XUzD5EZxbtrKgXKvuuydMvogG8GeUnN1aDltW71RlmEfpjbyw==}
    cpu: [arm64]
    os: [darwin]

  '@turbo/linux-64@2.10.2':
    resolution: {integrity: sha512-mMsf5IIhiKuceEXNstd25IbadjBXZ0amxzFOqliEzJX6HyeeHdBQPVSY583PWqYDyqM/FB8d5ZjkthfBSeuH3Q==}
    cpu: [x64]
    os: [linux]

  '@turbo/linux-arm64@2.10.2':
    resolution: {integrity: sha512-Wcng1i2kaKmXutmwxT9MUoYZvdaIekXAdlGr4+0TpgbhGLw7nDuEcRBFrxb5BbRoX1d1q8SpdRxLc45TvDZIdQ==}
    cpu: [arm64]
    os: [linux]

  '@turbo/windows-64@2.10.2':
    resolution: {integrity: sha512-SsNhM7Ho7EpAdwtrJKBOic9Hso23vu6Dp0gAfLOvUFjPzurr/sGQlXZEvr6z89ne4RDOypTwz5CBDrixpMKtXw==}
    cpu: [x64]
    os: [win32]

  '@turbo/windows-arm64@2.10.2':
    resolution: {integrity: sha512-Gf+S7ICAdimT/n02bOuVWKvhHnct/HYjZg3oBNIz5hZ9ZyWHbQim9J3P5Qip8WpX0ksxF7eaBVziJCuLnjhqDg==}
    cpu: [arm64]
    os: [win32]

  '@types/node@24.13.2':
    resolution: {integrity: sha512-fRa09kZTgu8o71KFcDjUFuc7F+dEbZYZmkI0mg5YBTRs0yMKjYHsq/c0urDKeDb+D5qVgXOdFcuu+DZPKOITwA==}

  prettier@3.9.4:
    resolution: {integrity: sha512-yWG/o/4oJfo036EKAfK6ACAoDOfHeRHx4tuxkfBZiauURiaSmYwlpOr5LQqKtIkRD2z1PLteme2WoxEnj4tHTg==}
    engines: {node: '>=14'}
    hasBin: true

  turbo@2.10.2:
    resolution: {integrity: sha512-wTExrNrRjB8qzIcg+ZLm0A3GFNLDsWNwdS/RBXB0FPrBDyzk3i96Yx+TxWZC7a0k1SIreFB8ciUbxjmEqTH8IQ==}
    hasBin: true

  typescript@5.9.3:
    resolution: {integrity: sha512-jl1vZzPDinLr9eUt3J/t7V6FgNEw9QjvBPdysz9KfQDD41fQrC2Y4vKQdiaUpFT4bXlb1RHhLpp8wtm6M5TgSw==}
    engines: {node: '>=14.17'}
    hasBin: true

  undici-types@7.18.2:
    resolution: {integrity: sha512-AsuCzffGHJybSaRrmr5eHr81mwJU3kjw6M+uprWvCXiNeN9SOGwQ3Jn8jb8m3Z6izVgknn1R0FTCEAP2QrLY/w==}

snapshots:

  '@turbo/darwin-64@2.10.2':
    optional: true

  '@turbo/darwin-arm64@2.10.2':
    optional: true

  '@turbo/linux-64@2.10.2':
    optional: true

  '@turbo/linux-arm64@2.10.2':
    optional: true

  '@turbo/windows-64@2.10.2':
    optional: true

  '@turbo/windows-arm64@2.10.2':
    optional: true

  '@types/node@24.13.2':
    dependencies:
      undici-types: 7.18.2

  prettier@3.9.4: {}

  turbo@2.10.2:
    optionalDependencies:
      '@turbo/darwin-64': 2.10.2
      '@turbo/darwin-arm64': 2.10.2
      '@turbo/linux-64': 2.10.2
      '@turbo/linux-arm64': 2.10.2
      '@turbo/windows-64': 2.10.2
      '@turbo/windows-arm64': 2.10.2

  typescript@5.9.3: {}

  undici-types@7.18.2: {}
